
Microsoft Visual Studio Solution File, Format Version 12.00
Project("{FAE04EC0-301F-11D3-BF4B-00C04F79EFBC}") = "MovieHub.API", "MovieHub.API\MovieHub.API.csproj", "{8B570D09-17E7-4B70-A9E9-760E825FEA51}"
EndProject
Project("{FAE04EC0-301F-11D3-BF4B-00C04F79EFBC}") = "MovieHub.Tests", "MovieHub.Tests\MovieHub.Tests.csproj", "{50E6EBE8-4CE3-46D0-A998-53F6E19DD418}"
EndProject
Global
	GlobalSection(SolutionConfigurationPlatforms) = preSolution
		Debug|Any CPU = Debug|Any CPU
		Release|Any CPU = Release|Any CPU
	EndGlobalSection
	GlobalSection(ProjectConfigurationPlatforms) = postSolution
		{8B570D09-17E7-4B70-A9E9-760E825FEA51}.Debug|Any CPU.ActiveCfg = Debug|Any CPU
		{8B570D09-17E7-4B70-A9E9-760E825FEA51}.Debug|Any CPU.Build.0 = Debug|Any CPU
		{8B570D09-17E7-4B70-A9E9-760E825FEA51}.Release|Any CPU.ActiveCfg = Release|Any CPU
		{8B570D09-17E7-4B70-A9E9-760E825FEA51}.Release|Any CPU.Build.0 = Release|Any CPU
		{50E6EBE8-4CE3-46D0-A998-53F6E19DD418}.Debug|Any CPU.ActiveCfg = Debug|Any CPU
		{50E6EBE8-4CE3-46D0-A998-53F6E19DD418}.Debug|Any CPU.Build.0 = Debug|Any CPU
		{50E6EBE8-4CE3-46D0-A998-53F6E19DD418}.Release|Any CPU.ActiveCfg = Release|Any CPU
		{50E6EBE8-4CE3-46D0-A998-53F6E19DD418}.Release|Any CPU.Build.0 = Release|Any CPU
	EndGlobalSection
EndGlobal
